// !$*UTF8*$!
{
	archiveVersion = 1;
	classes = {
	};
	objectVersion = 46;
	objects = {

/* Begin PBXBuildFile section */
		1E8620811FF38FB400FB58D3 /* AppDelegate.swift in Sources */ = {isa = PBXBuildFile; fileRef = 1E8620801FF38FB400FB58D3 /* AppDelegate.swift */; };
		1E8620831FF38FB400FB58D3 /* ViewController.swift in Sources */ = {isa = PBXBuildFile; fileRef = 1E8620821FF38FB400FB58D3 /* ViewController.swift */; };
		1E8620861FF38FB400FB58D3 /* Main.storyboard in Resources */ = {isa = PBXBuildFile; fileRef = 1E8620841FF38FB400FB58D3 /* Main.storyboard */; };
		1E8620881FF38FB400FB58D3 /* Assets.xcassets in Resources */ = {isa = PBXBuildFile; fileRef = 1E8620871FF38FB400FB58D3 /* Assets.xcassets */; };
		1E86208B1FF38FB400FB58D3 /* LaunchScreen.storyboard in Resources */ = {isa = PBXBuildFile; fileRef = 1E8620891FF38FB400FB58D3 /* LaunchScreen.storyboard */; };
		1E8620961FF38FB400FB58D3 /* GitDemo1Tests.swift in Sources */ = {isa = PBXBuildFile; fileRef = 1E8620951FF38FB400FB58D3 /* GitDemo1Tests.swift */; };
		1E8620A11FF38FB400FB58D3 /* GitDemo1UITests.swift in Sources */ = {isa = PBXBuildFile; fileRef = 1E8620A01FF38FB400FB58D3 /* GitDemo1UITests.swift */; };
/* End PBXBuildFile section */

/* Begin PBXContainerItemProxy section */
		1E8620921FF38FB400FB58D3 /* PBXContainerItemProxy */ = {
			isa = PBXContainerItemProxy;
			containerPortal = 1E8620751FF38FB400FB58D3 /* Project object */;
			proxyType = 1;
			remoteGlobalIDString = 1E86207C1FF38FB400FB58D3;
			remoteInfo = GitDemo1;
		};
		1E86209D1FF38FB400FB58D3 /* PBXContainerItemProxy */ = {
			isa = PBXContainerItemProxy;
			containerPortal = 1E8620751FF38FB400FB58D3 /* Project object */;
			proxyType = 1;
			remoteGlobalIDString = 1E86207C1FF38FB400FB58D3;
			remoteInfo = GitDemo1;
		};
/* End PBXContainerItemProxy section */

/* Begin PBXFileReference section */
		1E86207D1FF38FB400FB58D3 /* GitDemo1.app */ = {isa = PBXFileReference; explicitFileType = wrapper.application; includeInIndex = 0; path = GitDemo1.app; sourceTree = BUILT_PRODUCTS_DIR; };
		1E8620801FF38FB400FB58D3 /* AppDelegate.swift */ = {isa = PBXFileReference; lastKnownFileType = sourcecode.swift; path = AppDelegate.swift; sourceTree = "<group>"; };
		1E8620821FF38FB400FB58D3 /* ViewController.swift */ = {isa = PBXFileReference; lastKnownFileType = sourcecode.swift; path = ViewController.swift; sourceTree = "<group>"; };
		1E8620851FF38FB400FB58D3 /* Base */ = {isa = PBXFileReference; lastKnownFileType = file.storyboard; name = Base; path = Base.lproj/Main.storyboard; sourceTree = "<group>"; };
		1E8620871FF38FB400FB58D3 /* Assets.xcassets */ = {isa = PBXFileReference; lastKnownFileType = folder.assetcatalog; path = Assets.xcassets; sourceTree = "<group>"; };
		1E86208A1FF38FB400FB58D3 /* Base */ = {isa = PBXFileReference; lastKnownFileType = file.storyboard; name = Base; path = Base.lproj/LaunchScreen.storyboard; sourceTree = "<group>"; };
		1E86208C1FF38FB400FB58D3 /* Info.plist */ = {isa = PBXFileReference; lastKnownFileType = text.plist.xml; path = Info.plist; sourceTree = "<group>"; };
		1E8620911FF38FB400FB58D3 /* GitDemo1Tests.xctest */ = {isa = PBXFileReference; explicitFileType = wrapper.cfbundle; includeInIndex = 0; path = GitDemo1Tests.xctest; sourceTree = BUILT_PRODUCTS_DIR; };
		1E8620951FF38FB400FB58D3 /* GitDemo1Tests.swift */ = {isa = PBXFileReference; lastKnownFileType = sourcecode.swift; path = GitDemo1Tests.swift; sourceTree = "<group>"; };
		1E8620971FF38FB400FB58D3 /* Info.plist */ = {isa = PBXFileReference; lastKnownFileType = text.plist.xml; path = Info.plist; sourceTree = "<group>"; };
		1E86209C1FF38FB400FB58D3 /* GitDemo1UITests.xctest */ = {isa = PBXFileReference; explicitFileType = wrapper.cfbundle; includeInIndex = 0; path = GitDemo1UITests.xctest; sourceTree = BUILT_PRODUCTS_DIR; };
		1E8620A01FF38FB400FB58D3 /* GitDemo1UITests.swift */ = {isa = PBXFileReference; lastKnownFileType = sourcecode.swift; path = GitDemo1UITests.swift; sourceTree = "<group>"; };
		1E8620A21FF38FB400FB58D3 /* Info.plist */ = {isa = PBXFileReference; lastKnownFileType = text.plist.xml; path = Info.plist; sourceTree = "<group>"; };
/* End PBXFileReference section */

/* Begin PBXFrameworksBuildPhase section */
		1E86207A1FF38FB400FB58D3 /* Frameworks */ = {
			isa = PBXFrameworksBuildPhase;
			buildActionMask = 2147483647;
			files = (
			);
			runOnlyForDeploymentPostprocessing = 0;
		};
		1E86208E1FF38FB400FB58D3 /* Frameworks */ = {
			isa = PBXFrameworksBuildPhase;
			buildActionMask = 2147483647;
			files = (
			);
			runOnlyForDeploymentPostprocessing = 0;
		};
		1E8620991FF38FB400FB58D3 /* Frameworks */ = {
			isa = PBXFrameworksBuildPhase;
			buildActionMask = 2147483647;
			files = (
			);
			runOnlyForDeploymentPostprocessing = 0;
		};
/* End PBXFrameworksBuildPhase section */

/* Begin PBXGroup section */
		1E8620741FF38FB400FB58D3 = {
			isa = PBXGroup;
			children = (
				1E86207F1FF38FB400FB58D3 /* GitDemo1 */,
				1E8620941FF38FB400FB58D3 /* GitDemo1Tests */,
				1E86209F1FF38FB400FB58D3 /* GitDemo1UITests */,
				1E86207E1FF38FB400FB58D3 /* Products */,
			);
			sourceTree = "<group>";
		};
		1E86207E1FF38FB400FB58D3 /* Products */ = {
			isa = PBXGroup;
			children = (
				1E86207D1FF38FB400FB58D3 /* GitDemo1.app */,
				1E8620911FF38FB400FB58D3 /* GitDemo1Tests.xctest */,
				1E86209C1FF38FB400FB58D3 /* GitDemo1UITests.xctest */,
			);
			name = Products;
			sourceTree = "<group>";
		};
		1E86207F1FF38FB400FB58D3 /* GitDemo1 */ = {
			isa = PBXGroup;
			children = (
				1E8620801FF38FB400FB58D3 /* AppDelegate.swift */,
				1E8620821FF38FB400FB58D3 /* ViewController.swift */,
				1E8620841FF38FB400FB58D3 /* Main.storyboard */,
				1E8620871FF38FB400FB58D3 /* Assets.xcassets */,
				1E8620891FF38FB400FB58D3 /* LaunchScreen.storyboard */,
				1E86208C1FF38FB400FB58D3 /* Info.plist */,
			);
			path = GitDemo1;
			sourceTree = "<group>";
		};
		1E8620941FF38FB400FB58D3 /* GitDemo1Tests */ = {
			isa = PBXGroup;
			children = (
				1E8620951FF38FB400FB58D3 /* GitDemo1Tests.swift */,
				1E8620971FF38FB400FB58D3 /* Info.plist */,
			);
			path = GitDemo1Tests;
			sourceTree = "<group>";
		};
		1E86209F1FF38FB400FB58D3 /* GitDemo1UITests */ = {
			isa = PBXGroup;
			children = (
				1E8620A01FF38FB400FB58D3 /* GitDemo1UITests.swift */,
				1E8620A21FF38FB400FB58D3 /* Info.plist */,
			);
			path = GitDemo1UITests;
			sourceTree = "<group>";
		};
/* End PBXGroup section */

/* Begin PBXNativeTarget section */
		1E86207C1FF38FB400FB58D3 /* GitDemo1 */ = {
			isa = PBXNativeTarget;
			buildConfigurationList = 1E8620A51FF38FB400FB58D3 /* Build configuration list for PBXNativeTarget "GitDemo1" */;
			buildPhases = (
				1E8620791FF38FB400FB58D3 /* Sources */,
				1E86207A1FF38FB400FB58D3 /* Frameworks */,
				1E86207B1FF38FB400FB58D3 /* Resources */,
			);
			buildRules = (
			);
			dependencies = (
			);
			name = GitDemo1;
			productName = GitDemo1;
			productReference = 1E86207D1FF38FB400FB58D3 /* GitDemo1.app */;
			productType = "com.apple.product-type.application";
		};
		1E8620901FF38FB400FB58D3 /* GitDemo1Tests */ = {
			isa = PBXNativeTarget;
			buildConfigurationList = 1E8620A81FF38FB400FB58D3 /* Build configuration list for PBXNativeTarget "GitDemo1Tests" */;
			buildPhases = (
				1E86208D1FF38FB400FB58D3 /* Sources */,
				1E86208E1FF38FB400FB58D3 /* Frameworks */,
				1E86208F1FF38FB400FB58D3 /* Resources */,
			);
			buildRules = (
			);
			dependencies = (
				1E8620931FF38FB400FB58D3 /* PBXTargetDependency */,
			);
			name = GitDemo1Tests;
			productName = GitDemo1Tests;
			productReference = 1E8620911FF38FB400FB58D3 /* GitDemo1Tests.xctest */;
			productType = "com.apple.product-type.bundle.unit-test";
		};
		1E86209B1FF38FB400FB58D3 /* GitDemo1UITests */ = {
			isa = PBXNativeTarget;
			buildConfigurationList = 1E8620AB1FF38FB400FB58D3 /* Build configuration list for PBXNativeTarget "GitDemo1UITests" */;
			buildPhases = (
				1E8620981FF38FB400FB58D3 /* Sources */,
				1E8620991FF38FB400FB58D3 /* Frameworks */,
				1E86209A1FF38FB400FB58D3 /* Resources */,
			);
			buildRules = (
			);
			dependencies = (
				1E86209E1FF38FB400FB58D3 /* PBXTargetDependency */,
			);
			name = GitDemo1UITests;
			productName = GitDemo1UITests;
			productReference = 1E86209C1FF38FB400FB58D3 /* GitDemo1UITests.xctest */;
			productType = "com.apple.product-type.bundle.ui-testing";
		};
/* End PBXNativeTarget section */

/* Begin PBXProject section */
		1E8620751FF38FB400FB58D3 /* Project object */ = {
			isa = PBXProject;
			attributes = {
				LastSwiftUpdateCheck = 0830;
				LastUpgradeCheck = 0830;
				ORGANIZATIONNAME = Shemona;
				TargetAttributes = {
					1E86207C1FF38FB400FB58D3 = {
						CreatedOnToolsVersion = 8.3.3;
						ProvisioningStyle = Automatic;
					};
					1E8620901FF38FB400FB58D3 = {
						CreatedOnToolsVersion = 8.3.3;
						ProvisioningStyle = Automatic;
						TestTargetID = 1E86207C1FF38FB400FB58D3;
					};
					1E86209B1FF38FB400FB58D3 = {
						CreatedOnToolsVersion = 8.3.3;
						ProvisioningStyle = Automatic;
						TestTargetID = 1E86207C1FF38FB400FB58D3;
					};
				};
			};
			buildConfigurationList = 1E8620781FF38FB400FB58D3 /* Build configuration list for PBXProject "GitDemo1" */;
			compatibilityVersion = "Xcode 3.2";
			developmentRegion = English;
			hasScannedForEncodings = 0;
			knownRegions = (
				en,
				Base,
			);
			mainGroup = 1E8620741FF38FB400FB58D3;
			productRefGroup = 1E86207E1FF38FB400FB58D3 /* Products */;
			projectDirPath = "";
			projectRoot = "";
			targets = (
				1E86207C1FF38FB400FB58D3 /* GitDemo1 */,
				1E8620901FF38FB400FB58D3 /* GitDemo1Tests */,
				1E86209B1FF38FB400FB58D3 /* GitDemo1UITests */,
			);
		};
/* End PBXProject section */

/* Begin PBXResourcesBuildPhase section */
		1E86207B1FF38FB400FB58D3 /* Resources */ = {
			isa = PBXResourcesBuildPhase;
			buildActionMask = 2147483647;
			files = (
				1E86208B1FF38FB400FB58D3 /* LaunchScreen.storyboard in Resources */,
				1E8620881FF38FB400FB58D3 /* Assets.xcassets in Resources */,
				1E8620861FF38FB400FB58D3 /* Main.storyboard in Resources */,
			);
			runOnlyForDeploymentPostprocessing = 0;
		};
		1E86208F1FF38FB400FB58D3 /* Resources */ = {
			isa = PBXResourcesBuildPhase;
			buildActionMask = 2147483647;
			files = (
			);
			runOnlyForDeploymentPostprocessing = 0;
		};
		1E86209A1FF38FB400FB58D3 /* Resources */ = {
			isa = PBXResourcesBuildPhase;
			buildActionMask = 2147483647;
			files = (
			);
			runOnlyForDeploymentPostprocessing = 0;
		};
/* End PBXResourcesBuildPhase section */

/* Begin PBXSourcesBuildPhase section */
		1E8620791FF38FB400FB58D3 /* Sources */ = {
			isa = PBXSourcesBuildPhase;
			buildActionMask = 2147483647;
			files = (
				1E8620831FF38FB400FB58D3 /* ViewController.swift in Sources */,
				1E8620811FF38FB400FB58D3 /* AppDelegate.swift in Sources */,
			);
			runOnlyForDeploymentPostprocessing = 0;
		};
		1E86208D1FF38FB400FB58D3 /* Sources */ = {
			isa = PBXSourcesBuildPhase;
			buildActionMask = 2147483647;
			files = (
				1E8620961FF38FB400FB58D3 /* GitDemo1Tests.swift in Sources */,
			);
			runOnlyForDeploymentPostprocessing = 0;
		};
		1E8620981FF38FB400FB58D3 /* Sources */ = {
			isa = PBXSourcesBuildPhase;
			buildActionMask = 2147483647;
			files = (
				1E8620A11FF38FB400FB58D3 /* GitDemo1UITests.swift in Sources */,
			);
			runOnlyForDeploymentPostprocessing = 0;
		};
/* End PBXSourcesBuildPhase section */

/* Begin PBXTargetDependency section */
		1E8620931FF38FB400FB58D3 /* PBXTargetDependency */ = {
			isa = PBXTargetDependency;
			target = 1E86207C1FF38FB400FB58D3 /* GitDemo1 */;
			targetProxy = 1E8620921FF38FB400FB58D3 /* PBXContainerItemProxy */;
		};
		1E86209E1FF38FB400FB58D3 /* PBXTargetDependency */ = {
			isa = PBXTargetDependency;
			target = 1E86207C1FF38FB400FB58D3 /* GitDemo1 */;
			targetProxy = 1E86209D1FF38FB400FB58D3 /* PBXContainerItemProxy */;
		};
/* End PBXTargetDependency section */

/* Begin PBXVariantGroup section */
		1E8620841FF38FB400FB58D3 /* Main.storyboard */ = {
			isa = PBXVariantGroup;
			children = (
				1E8620851FF38FB400FB58D3 /* Base */,
			);
			name = Main.storyboard;
			sourceTree = "<group>";
		};
		1E8620891FF38FB400FB58D3 /* LaunchScreen.storyboard */ = {
			isa = PBXVariantGroup;
			children = (
				1E86208A1FF38FB400FB58D3 /* Base */,
			);
			name = LaunchScreen.storyboard;
			sourceTree = "<group>";
		};
/* End PBXVariantGroup section */

/* Begin XCBuildConfiguration section */
		1E8620A31FF38FB400FB58D3 /* Debug */ = {
			isa = XCBuildConfiguration;
			buildSettings = {
				ALWAYS_SEARCH_USER_PATHS = NO;
				CLANG_ANALYZER_NONNULL = YES;
				CLANG_ANALYZER_NUMBER_OBJECT_CONVERSION = YES_AGGRESSIVE;
				CLANG_CXX_LANGUAGE_STANDARD = "gnu++0x";
				CLANG_CXX_LIBRARY = "libc++";
				CLANG_ENABLE_MODULES = YES;
				CLANG_ENABLE_OBJC_ARC = YES;
				CLANG_WARN_BOOL_CONVERSION = YES;
				CLANG_WARN_CONSTANT_CONVERSION = YES;
				CLANG_WARN_DIRECT_OBJC_ISA_USAGE = YES_ERROR;
				CLANG_WARN_DOCUMENTATION_COMMENTS = YES;
				CLANG_WARN_EMPTY_BODY = YES;
				CLANG_WARN_ENUM_CONVERSION = YES;
				CLANG_WARN_INFINITE_RECURSION = YES;
				CLANG_WARN_INT_CONVERSION = YES;
				CLANG_WARN_OBJC_ROOT_CLASS = YES_ERROR;
				CLANG_WARN_SUSPICIOUS_MOVE = YES;
				CLANG_WARN_UNREACHABLE_CODE = YES;
				CLANG_WARN__DUPLICATE_METHOD_MATCH = YES;
				"CODE_SIGN_IDENTITY[sdk=iphoneos*]" = "iPhone Developer";
				COPY_PHASE_STRIP = NO;
				DEBUG_INFORMATION_FORMAT = dwarf;
				ENABLE_STRICT_OBJC_MSGSEND = YES;
				ENABLE_TESTABILITY = YES;
				GCC_C_LANGUAGE_STANDARD = gnu99;
				GCC_DYNAMIC_NO_PIC = NO;
				GCC_NO_COMMON_BLOCKS = YES;
				GCC_OPTIMIZATION_LEVEL = 0;
				GCC_PREPROCESSOR_DEFINITIONS = (
					"DEBUG=1",
					"$(inherited)",
				);
				GCC_WARN_64_TO_32_BIT_CONVERSION = YES;
				GCC_WARN_ABOUT_RETURN_TYPE = YES_ERROR;
				GCC_WARN_UNDECLARED_SELECTOR = YES;
				GCC_WARN_UNINITIALIZED_AUTOS = YES_AGGRESSIVE;
				GCC_WARN_UNUSED_FUNCTION = YES;
				GCC_WARN_UNUSED_VARIABLE = YES;
				IPHONEOS_DEPLOYMENT_TARGET = 10.3;
				MTL_ENABLE_DEBUG_INFO = YES;
				ONLY_ACTIVE_ARCH = YES;
				SDKROOT = iphoneos;
				SWIFT_ACTIVE_COMPILATION_CONDITIONS = DEBUG;
				SWIFT_OPTIMIZATION_LEVEL = "-Onone";
				TARGETED_DEVICE_FAMILY = "1,2";
			};
			name = Debug;
		};
		1E8620A41FF38FB400FB58D3 /* Release */ = {
			isa = XCBuildConfiguration;
			buildSettings = {
				ALWAYS_SEARCH_USER_PATHS = NO;
				CLANG_ANALYZER_NONNULL = YES;
				CLANG_ANALYZER_NUMBER_OBJECT_CONVERSION = YES_AGGRESSIVE;
				CLANG_CXX_LANGUAGE_STANDARD = "gnu++0x";
				CLANG_CXX_LIBRARY = "libc++";
				CLANG_ENABLE_MODULES = YES;
				CLANG_ENABLE_OBJC_ARC = YES;
				CLANG_WARN_BOOL_CONVERSION = YES;
				CLANG_WARN_CONSTANT_CONVERSION = YES;
				CLANG_WARN_DIRECT_OBJC_ISA_USAGE = YES_ERROR;
				CLANG_WARN_DOCUMENTATION_COMMENTS = YES;
				CLANG_WARN_EMPTY_BODY = YES;
				CLANG_WARN_ENUM_CONVERSION = YES;
				CLANG_WARN_INFINITE_RECURSION = YES;
				CLANG_WARN_INT_CONVERSION = YES;
				CLANG_WARN_OBJC_ROOT_CLASS = YES_ERROR;
				CLANG_WARN_SUSPICIOUS_MOVE = YES;
				CLANG_WARN_UNREACHABLE_CODE = YES;
				CLANG_WARN__DUPLICATE_METHOD_MATCH = YES;
				"CODE_SIGN_IDENTITY[sdk=iphoneos*]" = "iPhone Developer";
				COPY_PHASE_STRIP = NO;
				DEBUG_INFORMATION_FORMAT = "dwarf-with-dsym";
				ENABLE_NS_ASSERTIONS = NO;
				ENABLE_STRICT_OBJC_MSGSEND = YES;
				GCC_C_LANGUAGE_STANDARD = gnu99;
				GCC_NO_COMMON_BLOCKS = YES;
				GCC_WARN_64_TO_32_BIT_CONVERSION = YES;
				GCC_WARN_ABOUT_RETURN_TYPE = YES_ERROR;
				GCC_WARN_UNDECLARED_SELECTOR = YES;
				GCC_WARN_UNINITIALIZED_AUTOS = YES_AGGRESSIVE;
				GCC_WARN_UNUSED_FUNCTION = YES;
				GCC_WARN_UNUSED_VARIABLE = YES;
				IPHONEOS_DEPLOYMENT_TARGET = 10.3;
				MTL_ENABLE_DEBUG_INFO = NO;
				SDKROOT = iphoneos;
				SWIFT_OPTIMIZATION_LEVEL = "-Owholemodule";
				TARGETED_DEVICE_FAMILY = "1,2";
				VALIDATE_PRODUCT = YES;
			};
			name = Release;
		};
		1E8620A61FF38FB400FB58D3 /* Debug */ = {
			isa = XCBuildConfiguration;
			buildSettings = {
				ASSETCATALOG_COMPILER_APPICON_NAME = AppIcon;
				INFOPLIST_FILE = GitDemo1/Info.plist;
				LD_RUNPATH_SEARCH_PATHS = "$(inherited) @executable_path/Frameworks";
				PRODUCT_BUNDLE_IDENTIFIER = com.ios.gitdemo1.GitDemo1;
				PRODUCT_NAME = "$(TARGET_NAME)";
				SWIFT_VERSION = 3.0;
			};
			name = Debug;
		};
		1E8620A71FF38FB400FB58D3 /* Release */ = {
			isa = XCBuildConfiguration;
			buildSettings = {
				ASSETCATALOG_COMPILER_APPICON_NAME = AppIcon;
				INFOPLIST_FILE = GitDemo1/Info.plist;
				LD_RUNPATH_SEARCH_PATHS = "$(inherited) @executable_path/Frameworks";
				PRODUCT_BUNDLE_IDENTIFIER = com.ios.gitdemo1.GitDemo1;
				PRODUCT_NAME = "$(TARGET_NAME)";
				SWIFT_VERSION = 3.0;
			};
			name = Release;
		};
		1E8620A91FF38FB400FB58D3 /* Debug */ = {
			isa = XCBuildConfiguration;
			buildSettings = {
				ALWAYS_EMBED_SWIFT_STANDARD_LIBRARIES = YES;
				BUNDLE_LOADER = "$(TEST_HOST)";
				INFOPLIST_FILE = GitDemo1Tests/Info.plist;
				LD_RUNPATH_SEARCH_PATHS = "$(inherited) @executable_path/Frameworks @loader_path/Frameworks";
				PRODUCT_BUNDLE_IDENTIFIER = com.ios.gitdemo1.GitDemo1Tests;
				PRODUCT_NAME = "$(TARGET_NAME)";
				SWIFT_VERSION = 3.0;
				TEST_HOST = "$(BUILT_PRODUCTS_DIR)/GitDemo1.app/GitDemo1";
			};
			name = Debug;
		};
		1E8620AA1FF38FB400FB58D3 /* Release */ = {
			isa = XCBuildConfiguration;
			buildSettings = {
				ALWAYS_EMBED_SWIFT_STANDARD_LIBRARIES = YES;
				BUNDLE_LOADER = "$(TEST_HOST)";
				INFOPLIST_FILE = GitDemo1Tests/Info.plist;
				LD_RUNPATH_SEARCH_PATHS = "$(inherited) @executable_path/Frameworks @loader_path/Frameworks";
				PRODUCT_BUNDLE_IDENTIFIER = com.ios.gitdemo1.GitDemo1Tests;
				PRODUCT_NAME = "$(TARGET_NAME)";
				SWIFT_VERSION = 3.0;
				TEST_HOST = "$(BUILT_PRODUCTS_DIR)/GitDemo1.app/GitDemo1";
			};
			name = Release;
		};
		1E8620AC1FF38FB400FB58D3 /* Debug */ = {
			isa = XCBuildConfiguration;
			buildSettings = {
				ALWAYS_EMBED_SWIFT_STANDARD_LIBRARIES = YES;
				INFOPLIST_FILE = GitDemo1UITests/Info.plist;
				LD_RUNPATH_SEARCH_PATHS = "$(inherited) @executable_path/Frameworks @loader_path/Frameworks";
				PRODUCT_BUNDLE_IDENTIFIER = com.ios.gitdemo1.GitDemo1UITests;
				PRODUCT_NAME = "$(TARGET_NAME)";
				SWIFT_VERSION = 3.0;
				TEST_TARGET_NAME = GitDemo1;
			};
			name = Debug;
		};
		1E8620AD1FF38FB400FB58D3 /* Release */ = {
			isa = XCBuildConfiguration;
			buildSettings = {
				ALWAYS_EMBED_SWIFT_STANDARD_LIBRARIES = YES;
				INFOPLIST_FILE = GitDemo1UITests/Info.plist;
				LD_RUNPATH_SEARCH_PATHS = "$(inherited) @executable_path/Frameworks @loader_path/Frameworks";
				PRODUCT_BUNDLE_IDENTIFIER = com.ios.gitdemo1.GitDemo1UITests;
				PRODUCT_NAME = "$(TARGET_NAME)";
				SWIFT_VERSION = 3.0;
				TEST_TARGET_NAME = GitDemo1;
			};
			name = Release;
		};
/* End XCBuildConfiguration section */

/* Begin XCConfigurationList section */
		1E8620781FF38FB400FB58D3 /* Build configuration list for PBXProject "GitDemo1" */ = {
			isa = XCConfigurationList;
			buildConfigurations = (
				1E8620A31FF38FB400FB58D3 /* Debug */,
				1E8620A41FF38FB400FB58D3 /* Release */,
			);
			defaultConfigurationIsVisible = 0;
			defaultConfigurationName = Release;
		};
		1E8620A51FF38FB400FB58D3 /* Build configuration list for PBXNativeTarget "GitDemo1" */ = {
			isa = XCConfigurationList;
			buildConfigurations = (
				1E8620A61FF38FB400FB58D3 /* Debug */,
				1E8620A71FF38FB400FB58D3 /* Release */,
			);
			defaultConfigurationIsVisible = 0;
		};
		1E8620A81FF38FB400FB58D3 /* Build configuration list for PBXNativeTarget "GitDemo1Tests" */ = {
			isa = XCConfigurationList;
			buildConfigurations = (
				1E8620A91FF38FB400FB58D3 /* Debug */,
				1E8620AA1FF38FB400FB58D3 /* Release */,
			);
			defaultConfigurationIsVisible = 0;
		};
		1E8620AB1FF38FB400FB58D3 /* Build configuration list for PBXNativeTarget "GitDemo1UITests" */ = {
			isa = XCConfigurationList;
			buildConfigurations = (
				1E8620AC1FF38FB400FB58D3 /* Debug */,
				1E8620AD1FF38FB400FB58D3 /* Release */,
			);
			defaultConfigurationIsVisible = 0;
		};
/* End XCConfigurationList section */
	};
	rootObject = 1E8620751FF38FB400FB58D3 /* Project object */;
}
